
Microsoft Visual Studio Solution File, Format Version 12.00
# Visual Studio 15
VisualStudioVersion = 15.0.27703.2018
MinimumVisualStudioVersion = 10.0.40219.1
Project("{FAE04EC0-301F-11D3-BF4B-00C04F79EFBC}") = "SongsAndCategories", "SongsAndCategories\SongsAndCategories.csproj", "{ADFED2A3-83C5-4E40-8D6F-9CFEF2CA1457}"
EndProject
Global
	GlobalSection(SolutionConfigurationPlatforms) = preSolution
		Debug|Any CPU = Debug|Any CPU
		Release|Any CPU = Release|Any CPU
	EndGlobalSection
	GlobalSection(ProjectConfigurationPlatforms) = postSolution
		{ADFED2A3-83C5-4E40-8D6F-9CFEF2CA1457}.Debug|Any CPU.ActiveCfg = Debug|Any CPU
		{ADFED2A3-83C5-4E40-8D6F-9CFEF2CA1457}.Debug|Any CPU.Build.0 = Debug|Any CPU
		{ADFED2A3-83C5-4E40-8D6F-9CFEF2CA1457}.Release|Any CPU.ActiveCfg = Release|Any CPU
		{ADFED2A3-83C5-4E40-8D6F-9CFEF2CA1457}.Release|Any CPU.Build.0 = Release|Any CPU
	EndGlobalSection
	GlobalSection(SolutionProperties) = preSolution
		HideSolutionNode = FALSE
	EndGlobalSection
	GlobalSection(ExtensibilityGlobals) = postSolution
		SolutionGuid = {D089C49B-EB69-4A41-A469-88B8686DDDE9}
	EndGlobalSection
EndGlobal
